
Microsoft Visual Studio Solution File, Format Version 12.00
# Visual Studio Version 17
VisualStudioVersion = 17.12.35521.163
MinimumVisualStudioVersion = 10.0.40219.1
Project("{2150E333-8FDC-42A3-9474-1A3956D46DE8}") = "Services", "Services", "{1ACC5566-B298-445E-979C-7965A9E0F26A}"
EndProject
Project("{2150E333-8FDC-42A3-9474-1A3956D46DE8}") = "Catalog", "Catalog", "{0B073D44-439B-4EAC-AD82-F2A170CAB2FD}"
EndProject
Project("{FAE04EC0-301F-11D3-BF4B-00C04F79EFBC}") = "Catalog.API", "Services\Catalog\Catalog.API\Catalog.API.csproj", "{392DA7FC-5565-4D2C-BF44-AE27427D2C67}"
EndProject
Project("{2150E333-8FDC-42A3-9474-1A3956D46DE8}") = "BuildingBlocks", "BuildingBlocks", "{87D60F93-E858-446B-80A8-824DFEF8AAF7}"
EndProject
Project("{FAE04EC0-301F-11D3-BF4B-00C04F79EFBC}") = "BuildingBlocks", "BuildingBlocks\BuildingBlocks\BuildingBlocks.csproj", "{23671713-74EB-4FF7-9765-35DC684765DE}"
EndProject
Project("{E53339B2-1760-4266-BCC7-CA923CBCF16C}") = "docker-compose", "docker-compose.dcproj", "{917B8E41-FCAD-4BE5-91D2-DE9A07567683}"
EndProject
Project("{2150E333-8FDC-42A3-9474-1A3956D46DE8}") = "Basket", "Basket", "{5F709EA4-2194-4F7A-8A81-4A2C57BC003B}"
EndProject
Project("{FAE04EC0-301F-11D3-BF4B-00C04F79EFBC}") = "Basket.API", "Services\Basket\Basket.API\Basket.API.csproj", "{CF227CA2-CCD4-4289-830B-0A22E114716A}"
EndProject
Global
	GlobalSection(SolutionConfigurationPlatforms) = preSolution
		Debug|Any CPU = Debug|Any CPU
		Release|Any CPU = Release|Any CPU
	EndGlobalSection
	GlobalSection(ProjectConfigurationPlatforms) = postSolution
		{392DA7FC-5565-4D2C-BF44-AE27427D2C67}.Debug|Any CPU.ActiveCfg = Debug|Any CPU
		{392DA7FC-5565-4D2C-BF44-AE27427D2C67}.Debug|Any CPU.Build.0 = Debug|Any CPU
		{392DA7FC-5565-4D2C-BF44-AE27427D2C67}.Release|Any CPU.ActiveCfg = Release|Any CPU
		{392DA7FC-5565-4D2C-BF44-AE27427D2C67}.Release|Any CPU.Build.0 = Release|Any CPU
		{23671713-74EB-4FF7-9765-35DC684765DE}.Debug|Any CPU.ActiveCfg = Debug|Any CPU
		{23671713-74EB-4FF7-9765-35DC684765DE}.Debug|Any CPU.Build.0 = Debug|Any CPU
		{23671713-74EB-4FF7-9765-35DC684765DE}.Release|Any CPU.ActiveCfg = Release|Any CPU
		{23671713-74EB-4FF7-9765-35DC684765DE}.Release|Any CPU.Build.0 = Release|Any CPU
		{917B8E41-FCAD-4BE5-91D2-DE9A07567683}.Debug|Any CPU.ActiveCfg = Debug|Any CPU
		{917B8E41-FCAD-4BE5-91D2-DE9A07567683}.Debug|Any CPU.Build.0 = Debug|Any CPU
		{917B8E41-FCAD-4BE5-91D2-DE9A07567683}.Release|Any CPU.ActiveCfg = Release|Any CPU
		{917B8E41-FCAD-4BE5-91D2-DE9A07567683}.Release|Any CPU.Build.0 = Release|Any CPU
		{CF227CA2-CCD4-4289-830B-0A22E114716A}.Debug|Any CPU.ActiveCfg = Debug|Any CPU
		{CF227CA2-CCD4-4289-830B-0A22E114716A}.Debug|Any CPU.Build.0 = Debug|Any CPU
		{CF227CA2-CCD4-4289-830B-0A22E114716A}.Release|Any CPU.ActiveCfg = Release|Any CPU
		{CF227CA2-CCD4-4289-830B-0A22E114716A}.Release|Any CPU.Build.0 = Release|Any CPU
	EndGlobalSection
	GlobalSection(SolutionProperties) = preSolution
		HideSolutionNode = FALSE
	EndGlobalSection
	GlobalSection(NestedProjects) = preSolution
		{0B073D44-439B-4EAC-AD82-F2A170CAB2FD} = {1ACC5566-B298-445E-979C-7965A9E0F26A}
		{392DA7FC-5565-4D2C-BF44-AE27427D2C67} = {0B073D44-439B-4EAC-AD82-F2A170CAB2FD}
		{23671713-74EB-4FF7-9765-35DC684765DE} = {87D60F93-E858-446B-80A8-824DFEF8AAF7}
		{5F709EA4-2194-4F7A-8A81-4A2C57BC003B} = {1ACC5566-B298-445E-979C-7965A9E0F26A}
		{CF227CA2-CCD4-4289-830B-0A22E114716A} = {5F709EA4-2194-4F7A-8A81-4A2C57BC003B}
	EndGlobalSection
EndGlobal
